{
  "version": 1,
  "dependencies": {
    "net9.0": {
      "Microsoft.Extensions.Http": {
        "type": "Direct",
        "requested": "[9.0.1, )",
        "resolved": "9.0.1",
        "contentHash": "j1UmqmTRIc0OJhv8feVFmXhPS/Z+82o/JLF3WKlydC3esolPVVJPJ0oq/MSECXFZMBKVVpxUBJnR6dJH1hTWzQ==",
        "dependencies": {
          "Microsoft.Extensions.Configuration.Abstractions": "9.0.1",
          "Microsoft.Extensions.DependencyInjection.Abstractions": "9.0.1",
          "Microsoft.Extensions.Diagnostics": "9.0.1",
          "Microsoft.Extensions.Logging": "9.0.1",
          "Microsoft.Extensions.Logging.Abstractions": "9.0.1",
          "Microsoft.Extensions.Options": "9.0.1"
        }
      },
      "Microsoft.Extensions.Identity.Core": {
        "type": "Direct",
        "requested": "[9.0.1, )",
        "resolved": "9.0.1",
        "contentHash": "dbvAQhwSyBbgB2BuVJ8PMVx7BK6WZHWhV/vsSnXl6sRLs9D7yXiIiRpgcPVvN5E/UkzRGW1EPXyc3t1EDxWSzg==",
        "dependencies": {
          "Microsoft.AspNetCore.Cryptography.KeyDerivation": "9.0.1",
          "Microsoft.Extensions.Logging": "9.0.1",
          "Microsoft.Extensions.Options": "9.0.1"
        }
      },
      "System.Security.Cryptography.Xml": {
        "type": "Direct",
        "requested": "[9.0.15, )",
        "resolved": "9.0.15",
        "contentHash": "/DqMTgJ0lcxaLGNc5pHls1dCqQVbPRQwweTp79bwqw8T8+2V1NodLfAr8RlS8Q4W0qs5HzA6dcW2jHIQf1n95g==",
        "dependencies": {
          "System.Security.Cryptography.Pkcs": "9.0.15"
        }
      },
      "Microsoft.AspNetCore.Cryptography.Internal": {
        "type": "Transitive",
        "resolved": "9.0.1",
        "contentHash": "leaw8hC6wCKfAg2kAYT4plnaHI7o6bKB9IQy0yLWHmgV0GjE449pu0SEnnl7loEzdLgyQrKyVQvfz7wRErqmxQ=="
      },
      "Microsoft.AspNetCore.Cryptography.KeyDerivation": {
        "type": "Transitive",
        "resolved": "9.0.1",
        "contentHash": "/ibWvFYnxjCfOmtQtLTFUN9L70CrQH0daom6tE8/hlxTllUDeXM95fE45dC4u2tBOrfDqB6TPAkUzd/vWaAusA==",
        "dependencies": {
          "Microsoft.AspNetCore.Cryptography.Internal": "9.0.1"
        }
      },
      "Microsoft.Extensions.Configuration": {
        "type": "Transitive",
        "resolved": "9.0.1",
        "contentHash": "VuthqFS+ju6vT8W4wevdhEFiRi1trvQtkzWLonApfF5USVzzDcTBoY3F24WvN/tffLSrycArVfX1bThm/9xY2A==",
        "dependencies": {
          "Microsoft.Extensions.Configuration.Abstractions": "9.0.1",
          "Microsoft.Extensions.Primitives": "9.0.1"
        }
      },
      "Microsoft.Extensions.Configuration.Abstractions": {
        "type": "Transitive",
        "resolved": "9.0.1",
        "contentHash": "+4hfFIY1UjBCXFTTOd+ojlDPq6mep3h5Vq5SYE3Pjucr7dNXmq4S/6P/LoVnZFz2e/5gWp/om4svUFgznfULcA==",
        "dependencies": {
          "Microsoft.Extensions.Primitives": "9.0.1"
        }
      },
      "Microsoft.Extensions.Configuration.Binder": {
        "type": "Transitive",
        "resolved": "9.0.1",
        "contentHash": "w7kAyu1Mm7eParRV6WvGNNwA8flPTub16fwH49h7b/yqJZFTgYxnOVCuiah3G2bgseJMEq4DLjjsyQRvsdzRgA==",
        "dependencies": {
          "Microsoft.Extensions.Configuration.Abstractions": "9.0.1"
        }
      },
      "Microsoft.Extensions.DependencyInjection": {
        "type": "Transitive",
        "resolved": "9.0.1",
        "contentHash": "qZI42ASAe3hr2zMSA6UjM92pO1LeDq5DcwkgSowXXPY8I56M76pEKrnmsKKbxagAf39AJxkH2DY4sb72ixyOrg==",
        "dependencies": {
          "Microsoft.Extensions.DependencyInjection.Abstractions": "9.0.1"
        }
      },
      "Microsoft.Extensions.DependencyInjection.Abstractions": {
        "type": "Transitive",
        "resolved": "9.0.1",
        "contentHash": "Tr74eP0oQ3AyC24ch17N8PuEkrPbD0JqIfENCYqmgKYNOmL8wQKzLJu3ObxTUDrjnn4rHoR1qKa37/eQyHmCDA=="
      },
      "Microsoft.Extensions.Diagnostics": {
        "type": "Transitive",
        "resolved": "9.0.1",
        "contentHash": "4ZmP6turxMFsNwK/MCko2fuIITaYYN/eXyyIRq1FjLDKnptdbn6xMb7u0zfSMzCGpzkx4RxH/g1jKN2IchG7uA==",
        "dependencies": {
          "Microsoft.Extensions.Configuration": "9.0.1",
          "Microsoft.Extensions.Diagnostics.Abstractions": "9.0.1",
          "Microsoft.Extensions.Options.ConfigurationExtensions": "9.0.1"
        }
      },
      "Microsoft.Extensions.Diagnostics.Abstractions": {
        "type": "Transitive",
        "resolved": "9.0.1",
        "contentHash": "pfAPuVtHvG6dvZtAa0OQbXdDqq6epnr8z0/IIUjdmV0tMeI8Aj9KxDXvdDvqr+qNHTkmA7pZpChNxwNZt4GXVg==",
        "dependencies": {
          "Microsoft.Extensions.DependencyInjection.Abstractions": "9.0.1",
          "Microsoft.Extensions.Options": "9.0.1"
        }
      },
      "Microsoft.Extensions.Logging": {
        "type": "Transitive",
        "resolved": "9.0.1",
        "contentHash": "E/k5r7S44DOW+08xQPnNbO8DKAQHhkspDboTThNJ6Z3/QBb4LC6gStNWzVmy3IvW7sUD+iJKf4fj0xEkqE7vnQ==",
        "dependencies": {
          "Microsoft.Extensions.DependencyInjection": "9.0.1",
          "Microsoft.Extensions.Logging.Abstractions": "9.0.1",
          "Microsoft.Extensions.Options": "9.0.1"
        }
      },
      "Microsoft.Extensions.Logging.Abstractions": {
        "type": "Transitive",
        "resolved": "9.0.1",
        "contentHash": "w2gUqXN/jNIuvqYwX3lbXagsizVNXYyt6LlF57+tMve4JYCEgCMMAjRce6uKcDASJgpMbErRT1PfHy2OhbkqEA==",
        "dependencies": {
          "Microsoft.Extensions.DependencyInjection.Abstractions": "9.0.1"
        }
      },
      "Microsoft.Extensions.Options": {
        "type": "Transitive",
        "resolved": "9.0.1",
        "contentHash": "nggoNKnWcsBIAaOWHA+53XZWrslC7aGeok+aR+epDPRy7HI7GwMnGZE8yEsL2Onw7kMOHVHwKcsDls1INkNUJQ==",
        "dependencies": {
          "Microsoft.Extensions.DependencyInjection.Abstractions": "9.0.1",
          "Microsoft.Extensions.Primitives": "9.0.1"
        }
      },
      "Microsoft.Extensions.Options.ConfigurationExtensions": {
        "type": "Transitive",
        "resolved": "9.0.1",
        "contentHash": "8RRKWtuU4fR+8MQLR/8CqZwZ9yc2xCpllw/WPRY7kskIqEq0hMcEI4AfUJO72yGiK2QJkrsDcUvgB5Yc+3+lyg==",
        "dependencies": {
          "Microsoft.Extensions.Configuration.Abstractions": "9.0.1",
          "Microsoft.Extensions.Configuration.Binder": "9.0.1",
          "Microsoft.Extensions.DependencyInjection.Abstractions": "9.0.1",
          "Microsoft.Extensions.Options": "9.0.1",
          "Microsoft.Extensions.Primitives": "9.0.1"
        }
      },
      "Microsoft.Extensions.Primitives": {
        "type": "Transitive",
        "resolved": "9.0.1",
        "contentHash": "bHtTesA4lrSGD1ZUaMIx6frU3wyy0vYtTa/hM6gGQu5QNrydObv8T5COiGUWsisflAfmsaFOe9Xvw5NSO99z0g=="
      },
      "System.Security.Cryptography.Pkcs": {
        "type": "Transitive",
        "resolved": "9.0.15",
        "contentHash": "ZqPer8QiXxMHnXbgaJkWlD6kit8biD09lWmYP2NM+pfoaGwLneVCa4WnOVUJnAoZQrNKO/zryC68H2+G8xQbNA=="
      }
    }
  }
}